
Microsoft Visual Studio Solution File, Format Version 12.00
# Visual Studio Version 17
VisualStudioVersion = 17.5.33530.505
MinimumVisualStudioVersion = 10.0.40219.1
Project("{FAE04EC0-301F-11D3-BF4B-00C04F79EFBC}") = "LQM to TXT Converter", "LQM to TXT Converter.csproj", "{D38BB662-49D9-40BA-A970-DF8C5CF500EE}"
EndProject
Global
	GlobalSection(SolutionConfigurationPlatforms) = preSolution
		Debug|Any CPU = Debug|Any CPU
		Release|Any CPU = Release|Any CPU
	EndGlobalSection
	GlobalSection(ProjectConfigurationPlatforms) = postSolution
		{D38BB662-49D9-40BA-A970-DF8C5CF500EE}.Debug|Any CPU.ActiveCfg = Debug|Any CPU
		{D38BB662-49D9-40BA-A970-DF8C5CF500EE}.Debug|Any CPU.Build.0 = Debug|Any CPU
		{D38BB662-49D9-40BA-A970-DF8C5CF500EE}.Release|Any CPU.ActiveCfg = Release|Any CPU
		{D38BB662-49D9-40BA-A970-DF8C5CF500EE}.Release|Any CPU.Build.0 = Release|Any CPU
	EndGlobalSection
	GlobalSection(SolutionProperties) = preSolution
		HideSolutionNode = FALSE
	EndGlobalSection
	GlobalSection(ExtensibilityGlobals) = postSolution
		SolutionGuid = {223E5F68-6F51-4454-9325-19A7028BDF76}
	EndGlobalSection
EndGlobal
